
Microsoft Visual Studio Solution File, Format Version 12.00
# Visual Studio Version 16
VisualStudioVersion = 16.0.31702.278
MinimumVisualStudioVersion = 10.0.40219.1
Project("{FAE04EC0-301F-11D3-BF4B-00C04F79EFBC}") = "PersonalityTest", "PersonalityTest\PersonalityTest.csproj", "{11F5A0EC-6F73-4160-9433-E228926B3AB4}"
EndProject
Project("{FAE04EC0-301F-11D3-BF4B-00C04F79EFBC}") = "PersonalityTestSwitch", "PersonalityTestSwitch\PersonalityTestSwitch.csproj", "{587EBBEB-2C9C-478E-9533-A6381CD309C0}"
EndProject
Project("{FAE04EC0-301F-11D3-BF4B-00C04F79EFBC}") = "GradingIf", "GradingIf\GradingIf.csproj", "{731064F3-F4F6-463B-9021-0052F810EF98}"
EndProject
Project("{FAE04EC0-301F-11D3-BF4B-00C04F79EFBC}") = "GradingSwitch", "GradingSwitch\GradingSwitch.csproj", "{1FEAEF51-BD39-482F-B715-FA4AC8704E08}"
EndProject
Project("{FAE04EC0-301F-11D3-BF4B-00C04F79EFBC}") = "CatsAndDogs", "CatsAndDogs\CatsAndDogs.csproj", "{50964C02-77A1-4A46-9896-2ED006CB7725}"
EndProject
Global
	GlobalSection(SolutionConfigurationPlatforms) = preSolution
		Debug|Any CPU = Debug|Any CPU
		Release|Any CPU = Release|Any CPU
	EndGlobalSection
	GlobalSection(ProjectConfigurationPlatforms) = postSolution
		{11F5A0EC-6F73-4160-9433-E228926B3AB4}.Debug|Any CPU.ActiveCfg = Debug|Any CPU
		{11F5A0EC-6F73-4160-9433-E228926B3AB4}.Debug|Any CPU.Build.0 = Debug|Any CPU
		{11F5A0EC-6F73-4160-9433-E228926B3AB4}.Release|Any CPU.ActiveCfg = Release|Any CPU
		{11F5A0EC-6F73-4160-9433-E228926B3AB4}.Release|Any CPU.Build.0 = Release|Any CPU
		{587EBBEB-2C9C-478E-9533-A6381CD309C0}.Debug|Any CPU.ActiveCfg = Debug|Any CPU
		{587EBBEB-2C9C-478E-9533-A6381CD309C0}.Debug|Any CPU.Build.0 = Debug|Any CPU
		{587EBBEB-2C9C-478E-9533-A6381CD309C0}.Release|Any CPU.ActiveCfg = Release|Any CPU
		{587EBBEB-2C9C-478E-9533-A6381CD309C0}.Release|Any CPU.Build.0 = Release|Any CPU
		{731064F3-F4F6-463B-9021-0052F810EF98}.Debug|Any CPU.ActiveCfg = Debug|Any CPU
		{731064F3-F4F6-463B-9021-0052F810EF98}.Debug|Any CPU.Build.0 = Debug|Any CPU
		{731064F3-F4F6-463B-9021-0052F810EF98}.Release|Any CPU.ActiveCfg = Release|Any CPU
		{731064F3-F4F6-463B-9021-0052F810EF98}.Release|Any CPU.Build.0 = Release|Any CPU
		{1FEAEF51-BD39-482F-B715-FA4AC8704E08}.Debug|Any CPU.ActiveCfg = Debug|Any CPU
		{1FEAEF51-BD39-482F-B715-FA4AC8704E08}.Debug|Any CPU.Build.0 = Debug|Any CPU
		{1FEAEF51-BD39-482F-B715-FA4AC8704E08}.Release|Any CPU.ActiveCfg = Release|Any CPU
		{1FEAEF51-BD39-482F-B715-FA4AC8704E08}.Release|Any CPU.Build.0 = Release|Any CPU
		{50964C02-77A1-4A46-9896-2ED006CB7725}.Debug|Any CPU.ActiveCfg = Debug|Any CPU
		{50964C02-77A1-4A46-9896-2ED006CB7725}.Debug|Any CPU.Build.0 = Debug|Any CPU
		{50964C02-77A1-4A46-9896-2ED006CB7725}.Release|Any CPU.ActiveCfg = Release|Any CPU
		{50964C02-77A1-4A46-9896-2ED006CB7725}.Release|Any CPU.Build.0 = Release|Any CPU
	EndGlobalSection
	GlobalSection(SolutionProperties) = preSolution
		HideSolutionNode = FALSE
	EndGlobalSection
	GlobalSection(ExtensibilityGlobals) = postSolution
		SolutionGuid = {2F757A02-C370-4733-BC91-6DF8DCFE6DD4}
	EndGlobalSection
EndGlobal
